
Microsoft Visual Studio Solution File, Format Version 12.00
Project("{2150E333-8FDC-42A3-9474-1A3956D46DE8}") = "src", "src", "{1900CAB1-2AA0-49F6-9141-DB3F030FFA19}"
EndProject
Project("{FAE04EC0-301F-11D3-BF4B-00C04F79EFBC}") = "RabbitMq.Producer", "src\RabbitMq.Producer\RabbitMq.Producer.csproj", "{12E80696-20BD-4A77-AF24-EA3E4A1FD5BE}"
EndProject
Project("{FAE04EC0-301F-11D3-BF4B-00C04F79EFBC}") = "RabbitMq.Consumer", "src\RabbitMq.Consumer\RabbitMq.Consumer.csproj", "{3215AD89-A1D2-4260-9ACD-87CB109B615A}"
EndProject
Global
	GlobalSection(SolutionConfigurationPlatforms) = preSolution
		Debug|Any CPU = Debug|Any CPU
		Release|Any CPU = Release|Any CPU
	EndGlobalSection
	GlobalSection(ProjectConfigurationPlatforms) = postSolution
		{12E80696-20BD-4A77-AF24-EA3E4A1FD5BE}.Debug|Any CPU.ActiveCfg = Debug|Any CPU
		{12E80696-20BD-4A77-AF24-EA3E4A1FD5BE}.Debug|Any CPU.Build.0 = Debug|Any CPU
		{12E80696-20BD-4A77-AF24-EA3E4A1FD5BE}.Release|Any CPU.ActiveCfg = Release|Any CPU
		{12E80696-20BD-4A77-AF24-EA3E4A1FD5BE}.Release|Any CPU.Build.0 = Release|Any CPU
		{3215AD89-A1D2-4260-9ACD-87CB109B615A}.Debug|Any CPU.ActiveCfg = Debug|Any CPU
		{3215AD89-A1D2-4260-9ACD-87CB109B615A}.Debug|Any CPU.Build.0 = Debug|Any CPU
		{3215AD89-A1D2-4260-9ACD-87CB109B615A}.Release|Any CPU.ActiveCfg = Release|Any CPU
		{3215AD89-A1D2-4260-9ACD-87CB109B615A}.Release|Any CPU.Build.0 = Release|Any CPU
	EndGlobalSection
	GlobalSection(NestedProjects) = preSolution
		{12E80696-20BD-4A77-AF24-EA3E4A1FD5BE} = {1900CAB1-2AA0-49F6-9141-DB3F030FFA19}
		{3215AD89-A1D2-4260-9ACD-87CB109B615A} = {1900CAB1-2AA0-49F6-9141-DB3F030FFA19}
	EndGlobalSection
EndGlobal
